// !$*UTF8*$!
{
	archiveVersion = 1;
	classes = {
	};
	objectVersion = 46;
	objects = {

/* Begin PBXBuildFile section */
		BD148CA5193AE00F00BEADD2 /* Foundation.framework in Frameworks */ = {isa = PBXBuildFile; fileRef = BD148CA4193AE00F00BEADD2 /* Foundation.framework */; };
		BD148CA7193AE00F00BEADD2 /* CoreGraphics.framework in Frameworks */ = {isa = PBXBuildFile; fileRef = BD148CA6193AE00F00BEADD2 /* CoreGraphics.framework */; };
		BD148CA9193AE00F00BEADD2 /* UIKit.framework in Frameworks */ = {isa = PBXBuildFile; fileRef = BD148CA8193AE00F00BEADD2 /* UIKit.framework */; };
		BD148CAF193AE00F00BEADD2 /* InfoPlist.strings in Resources */ = {isa = PBXBuildFile; fileRef = BD148CAD193AE00F00BEADD2 /* InfoPlist.strings */; };
		BD148CB1193AE00F00BEADD2 /* main.m in Sources */ = {isa = PBXBuildFile; fileRef = BD148CB0193AE00F00BEADD2 /* main.m */; };
		BD148CB5193AE00F00BEADD2 /* AppDelegate.m in Sources */ = {isa = PBXBuildFile; fileRef = BD148CB4193AE00F00BEADD2 /* AppDelegate.m */; };
		BD148CB7193AE00F00BEADD2 /* Images.xcassets in Resources */ = {isa = PBXBuildFile; fileRef = BD148CB6193AE00F00BEADD2 /* Images.xcassets */; };
		BD148CBE193AE00F00BEADD2 /* XCTest.framework in Frameworks */ = {isa = PBXBuildFile; fileRef = BD148CBD193AE00F00BEADD2 /* XCTest.framework */; };
		BD148CBF193AE00F00BEADD2 /* Foundation.framework in Frameworks */ = {isa = PBXBuildFile; fileRef = BD148CA4193AE00F00BEADD2 /* Foundation.framework */; };
		BD148CC0193AE00F00BEADD2 /* UIKit.framework in Frameworks */ = {isa = PBXBuildFile; fileRef = BD148CA8193AE00F00BEADD2 /* UIKit.framework */; };
		BD148CC8193AE00F00BEADD2 /* InfoPlist.strings in Resources */ = {isa = PBXBuildFile; fileRef = BD148CC6193AE00F00BEADD2 /* InfoPlist.strings */; };
		BD148CCA193AE00F00BEADD2 /* btSimpleRippleButtonTests.m in Sources */ = {isa = PBXBuildFile; fileRef = BD148CC9193AE00F00BEADD2 /* btSimpleRippleButtonTests.m */; };
/* End PBXBuildFile section */

/* Begin PBXContainerItemProxy section */
		BD148CC1193AE00F00BEADD2 /* PBXContainerItemProxy */ = {
			isa = PBXContainerItemProxy;
			containerPortal = BD148C99193AE00F00BEADD2 /* Project object */;
			proxyType = 1;
			remoteGlobalIDString = BD148CA0193AE00F00BEADD2;
			remoteInfo = btSimpleRippleButton;
		};
/* End PBXContainerItemProxy section */

/* Begin PBXFileReference section */
		BD148CA1193AE00F00BEADD2 /* btSimpleRippleButton.app */ = {isa = PBXFileReference; explicitFileType = wrapper.application; includeInIndex = 0; path = btSimpleRippleButton.app; sourceTree = BUILT_PRODUCTS_DIR; };
		BD148CA4193AE00F00BEADD2 /* Foundation.framework */ = {isa = PBXFileReference; lastKnownFileType = wrapper.framework; name = Foundation.framework; path = System/Library/Frameworks/Foundation.framework; sourceTree = SDKROOT; };
		BD148CA6193AE00F00BEADD2 /* CoreGraphics.framework */ = {isa = PBXFileReference; lastKnownFileType = wrapper.framework; name = CoreGraphics.framework; path = System/Library/Frameworks/CoreGraphics.framework; sourceTree = SDKROOT; };
		BD148CA8193AE00F00BEADD2 /* UIKit.framework */ = {isa = PBXFileReference; lastKnownFileType = wrapper.framework; name = UIKit.framework; path = System/Library/Frameworks/UIKit.framework; sourceTree = SDKROOT; };
		BD148CAC193AE00F00BEADD2 /* btSimpleRippleButton-Info.plist */ = {isa = PBXFileReference; lastKnownFileType = text.plist.xml; path = "btSimpleRippleButton-Info.plist"; sourceTree = "<group>"; };
		BD148CAE193AE00F00BEADD2 /* en */ = {isa = PBXFileReference; lastKnownFileType = text.plist.strings; name = en; path = en.lproj/InfoPlist.strings; sourceTree = "<group>"; };
		BD148CB0193AE00F00BEADD2 /* main.m */ = {isa = PBXFileReference; lastKnownFileType = sourcecode.c.objc; path = main.m; sourceTree = "<group>"; };
		BD148CB2193AE00F00BEADD2 /* btSimpleRippleButton-Prefix.pch */ = {isa = PBXFileReference; lastKnownFileType = sourcecode.c.h; path = "btSimpleRippleButton-Prefix.pch"; sourceTree = "<group>"; };
		BD148CB3193AE00F00BEADD2 /* AppDelegate.h */ = {isa = PBXFileReference; lastKnownFileType = sourcecode.c.h; path = AppDelegate.h; sourceTree = "<group>"; };
		BD148CB4193AE00F00BEADD2 /* AppDelegate.m */ = {isa = PBXFileReference; lastKnownFileType = sourcecode.c.objc; path = AppDelegate.m; sourceTree = "<group>"; };
		BD148CB6193AE00F00BEADD2 /* Images.xcassets */ = {isa = PBXFileReference; lastKnownFileType = folder.assetcatalog; path = Images.xcassets; sourceTree = "<group>"; };
		BD148CBC193AE00F00BEADD2 /* btSimpleRippleButtonTests.xctest */ = {isa = PBXFileReference; explicitFileType = wrapper.cfbundle; includeInIndex = 0; path = btSimpleRippleButtonTests.xctest; sourceTree = BUILT_PRODUCTS_DIR; };
		BD148CBD193AE00F00BEADD2 /* XCTest.framework */ = {isa = PBXFileReference; lastKnownFileType = wrapper.framework; name = XCTest.framework; path = Library/Frameworks/XCTest.framework; sourceTree = DEVELOPER_DIR; };
		BD148CC5193AE00F00BEADD2 /* btSimpleRippleButtonTests-Info.plist */ = {isa = PBXFileReference; lastKnownFileType = text.plist.xml; path = "btSimpleRippleButtonTests-Info.plist"; sourceTree = "<group>"; };
		BD148CC7193AE00F00BEADD2 /* en */ = {isa = PBXFileReference; lastKnownFileType = text.plist.strings; name = en; path = en.lproj/InfoPlist.strings; sourceTree = "<group>"; };
		BD148CC9193AE00F00BEADD2 /* btSimpleRippleButtonTests.m */ = {isa = PBXFileReference; lastKnownFileType = sourcecode.c.objc; path = btSimpleRippleButtonTests.m; sourceTree = "<group>"; };
/* End PBXFileReference section */

/* Begin PBXFrameworksBuildPhase section */
		BD148C9E193AE00F00BEADD2 /* Frameworks */ = {
			isa = PBXFrameworksBuildPhase;
			buildActionMask = 2147483647;
			files = (
				BD148CA7193AE00F00BEADD2 /* CoreGraphics.framework in Frameworks */,
				BD148CA9193AE00F00BEADD2 /* UIKit.framework in Frameworks */,
				BD148CA5193AE00F00BEADD2 /* Foundation.framework in Frameworks */,
			);
			runOnlyForDeploymentPostprocessing = 0;
		};
		BD148CB9193AE00F00BEADD2 /* Frameworks */ = {
			isa = PBXFrameworksBuildPhase;
			buildActionMask = 2147483647;
			files = (
				BD148CBE193AE00F00BEADD2 /* XCTest.framework in Frameworks */,
				BD148CC0193AE00F00BEADD2 /* UIKit.framework in Frameworks */,
				BD148CBF193AE00F00BEADD2 /* Foundation.framework in Frameworks */,
			);
			runOnlyForDeploymentPostprocessing = 0;
		};
/* End PBXFrameworksBuildPhase section */

/* Begin PBXGroup section */
		BD148C98193AE00F00BEADD2 = {
			isa = PBXGroup;
			children = (
				BD148CAA193AE00F00BEADD2 /* btSimpleRippleButton */,
				BD148CC3193AE00F00BEADD2 /* btSimpleRippleButtonTests */,
				BD148CA3193AE00F00BEADD2 /* Frameworks */,
				BD148CA2193AE00F00BEADD2 /* Products */,
			);
			sourceTree = "<group>";
		};
		BD148CA2193AE00F00BEADD2 /* Products */ = {
			isa = PBXGroup;
			children = (
				BD148CA1193AE00F00BEADD2 /* btSimpleRippleButton.app */,
				BD148CBC193AE00F00BEADD2 /* btSimpleRippleButtonTests.xctest */,
			);
			name = Products;
			sourceTree = "<group>";
		};
		BD148CA3193AE00F00BEADD2 /* Frameworks */ = {
			isa = PBXGroup;
			children = (
				BD148CA4193AE00F00BEADD2 /* Foundation.framework */,
				BD148CA6193AE00F00BEADD2 /* CoreGraphics.framework */,
				BD148CA8193AE00F00BEADD2 /* UIKit.framework */,
				BD148CBD193AE00F00BEADD2 /* XCTest.framework */,
			);
			name = Frameworks;
			sourceTree = "<group>";
		};
		BD148CAA193AE00F00BEADD2 /* btSimpleRippleButton */ = {
			isa = PBXGroup;
			children = (
				BD148CB3193AE00F00BEADD2 /* AppDelegate.h */,
				BD148CB4193AE00F00BEADD2 /* AppDelegate.m */,
				BD148CB6193AE00F00BEADD2 /* Images.xcassets */,
				BD148CAB193AE00F00BEADD2 /* Supporting Files */,
			);
			path = btSimpleRippleButton;
			sourceTree = "<group>";
		};
		BD148CAB193AE00F00BEADD2 /* Supporting Files */ = {
			isa = PBXGroup;
			children = (
				BD148CAC193AE00F00BEADD2 /* btSimpleRippleButton-Info.plist */,
				BD148CAD193AE00F00BEADD2 /* InfoPlist.strings */,
				BD148CB0193AE00F00BEADD2 /* main.m */,
				BD148CB2193AE00F00BEADD2 /* btSimpleRippleButton-Prefix.pch */,
			);
			name = "Supporting Files";
			sourceTree = "<group>";
		};
		BD148CC3193AE00F00BEADD2 /* btSimpleRippleButtonTests */ = {
			isa = PBXGroup;
			children = (
				BD148CC9193AE00F00BEADD2 /* btSimpleRippleButtonTests.m */,
				BD148CC4193AE00F00BEADD2 /* Supporting Files */,
			);
			path = btSimpleRippleButtonTests;
			sourceTree = "<group>";
		};
		BD148CC4193AE00F00BEADD2 /* Supporting Files */ = {
			isa = PBXGroup;
			children = (
				BD148CC5193AE00F00BEADD2 /* btSimpleRippleButtonTests-Info.plist */,
				BD148CC6193AE00F00BEADD2 /* InfoPlist.strings */,
			);
			name = "Supporting Files";
			sourceTree = "<group>";
		};
/* End PBXGroup section */

/* Begin PBXNativeTarget section */
		BD148CA0193AE00F00BEADD2 /* btSimpleRippleButton */ = {
			isa = PBXNativeTarget;
			buildConfigurationList = BD148CCD193AE00F00BEADD2 /* Build configuration list for PBXNativeTarget "btSimpleRippleButton" */;
			buildPhases = (
				BD148C9D193AE00F00BEADD2 /* Sources */,
				BD148C9E193AE00F00BEADD2 /* Frameworks */,
				BD148C9F193AE00F00BEADD2 /* Resources */,
			);
			buildRules = (
			);
			dependencies = (
			);
			name = btSimpleRippleButton;
			productName = btSimpleRippleButton;
			productReference = BD148CA1193AE00F00BEADD2 /* btSimpleRippleButton.app */;
			productType = "com.apple.product-type.application";
		};
		BD148CBB193AE00F00BEADD2 /* btSimpleRippleButtonTests */ = {
			isa = PBXNativeTarget;
			buildConfigurationList = BD148CD0193AE00F00BEADD2 /* Build configuration list for PBXNativeTarget "btSimpleRippleButtonTests" */;
			buildPhases = (
				BD148CB8193AE00F00BEADD2 /* Sources */,
				BD148CB9193AE00F00BEADD2 /* Frameworks */,
				BD148CBA193AE00F00BEADD2 /* Resources */,
			);
			buildRules = (
			);
			dependencies = (
				BD148CC2193AE00F00BEADD2 /* PBXTargetDependency */,
			);
			name = btSimpleRippleButtonTests;
			productName = btSimpleRippleButtonTests;
			productReference = BD148CBC193AE00F00BEADD2 /* btSimpleRippleButtonTests.xctest */;
			productType = "com.apple.product-type.bundle.unit-test";
		};
/* End PBXNativeTarget section */

/* Begin PBXProject section */
		BD148C99193AE00F00BEADD2 /* Project object */ = {
			isa = PBXProject;
			attributes = {
				LastUpgradeCheck = 0510;
				ORGANIZATIONNAME = Balram;
				TargetAttributes = {
					BD148CBB193AE00F00BEADD2 = {
						TestTargetID = BD148CA0193AE00F00BEADD2;
					};
				};
			};
			buildConfigurationList = BD148C9C193AE00F00BEADD2 /* Build configuration list for PBXProject "btSimpleRippleButton" */;
			compatibilityVersion = "Xcode 3.2";
			developmentRegion = English;
			hasScannedForEncodings = 0;
			knownRegions = (
				en,
			);
			mainGroup = BD148C98193AE00F00BEADD2;
			productRefGroup = BD148CA2193AE00F00BEADD2 /* Products */;
			projectDirPath = "";
			projectRoot = "";
			targets = (
				BD148CA0193AE00F00BEADD2 /* btSimpleRippleButton */,
				BD148CBB193AE00F00BEADD2 /* btSimpleRippleButtonTests */,
			);
		};
/* End PBXProject section */

/* Begin PBXResourcesBuildPhase section */
		BD148C9F193AE00F00BEADD2 /* Resources */ = {
			isa = PBXResourcesBuildPhase;
			buildActionMask = 2147483647;
			files = (
				BD148CAF193AE00F00BEADD2 /* InfoPlist.strings in Resources */,
				BD148CB7193AE00F00BEADD2 /* Images.xcassets in Resources */,
			);
			runOnlyForDeploymentPostprocessing = 0;
		};
		BD148CBA193AE00F00BEADD2 /* Resources */ = {
			isa = PBXResourcesBuildPhase;
			buildActionMask = 2147483647;
			files = (
				BD148CC8193AE00F00BEADD2 /* InfoPlist.strings in Resources */,
			);
			runOnlyForDeploymentPostprocessing = 0;
		};
/* End PBXResourcesBuildPhase section */

/* Begin PBXSourcesBuildPhase section */
		BD148C9D193AE00F00BEADD2 /* Sources */ = {
			isa = PBXSourcesBuildPhase;
			buildActionMask = 2147483647;
			files = (
				BD148CB5193AE00F00BEADD2 /* AppDelegate.m in Sources */,
				BD148CB1193AE00F00BEADD2 /* main.m in Sources */,
			);
			runOnlyForDeploymentPostprocessing = 0;
		};
		BD148CB8193AE00F00BEADD2 /* Sources */ = {
			isa = PBXSourcesBuildPhase;
			buildActionMask = 2147483647;
			files = (
				BD148CCA193AE00F00BEADD2 /* btSimpleRippleButtonTests.m in Sources */,
			);
			runOnlyForDeploymentPostprocessing = 0;
		};
/* End PBXSourcesBuildPhase section */

/* Begin PBXTargetDependency section */
		BD148CC2193AE00F00BEADD2 /* PBXTargetDependency */ = {
			isa = PBXTargetDependency;
			target = BD148CA0193AE00F00BEADD2 /* btSimpleRippleButton */;
			targetProxy = BD148CC1193AE00F00BEADD2 /* PBXContainerItemProxy */;
		};
/* End PBXTargetDependency section */

/* Begin PBXVariantGroup section */
		BD148CAD193AE00F00BEADD2 /* InfoPlist.strings */ = {
			isa = PBXVariantGroup;
			children = (
				BD148CAE193AE00F00BEADD2 /* en */,
			);
			name = InfoPlist.strings;
			sourceTree = "<group>";
		};
		BD148CC6193AE00F00BEADD2 /* InfoPlist.strings */ = {
			isa = PBXVariantGroup;
			children = (
				BD148CC7193AE00F00BEADD2 /* en */,
			);
			name = InfoPlist.strings;
			sourceTree = "<group>";
		};
/* End PBXVariantGroup section */

/* Begin XCBuildConfiguration section */
		BD148CCB193AE00F00BEADD2 /* Debug */ = {
			isa = XCBuildConfiguration;
			buildSettings = {
				ALWAYS_SEARCH_USER_PATHS = NO;
				CLANG_CXX_LANGUAGE_STANDARD = "gnu++0x";
				CLANG_CXX_LIBRARY = "libc++";
				CLANG_ENABLE_MODULES = YES;
				CLANG_ENABLE_OBJC_ARC = YES;
				CLANG_WARN_BOOL_CONVERSION = YES;
				CLANG_WARN_CONSTANT_CONVERSION = YES;
				CLANG_WARN_DIRECT_OBJC_ISA_USAGE = YES_ERROR;
				CLANG_WARN_EMPTY_BODY = YES;
				CLANG_WARN_ENUM_CONVERSION = YES;
				CLANG_WARN_INT_CONVERSION = YES;
				CLANG_WARN_OBJC_ROOT_CLASS = YES_ERROR;
				CLANG_WARN__DUPLICATE_METHOD_MATCH = YES;
				"CODE_SIGN_IDENTITY[sdk=iphoneos*]" = "iPhone Developer";
				COPY_PHASE_STRIP = NO;
				GCC_C_LANGUAGE_STANDARD = gnu99;
				GCC_DYNAMIC_NO_PIC = NO;
				GCC_OPTIMIZATION_LEVEL = 0;
				GCC_PREPROCESSOR_DEFINITIONS = (
					"DEBUG=1",
					"$(inherited)",
				);
				GCC_SYMBOLS_PRIVATE_EXTERN = NO;
				GCC_WARN_64_TO_32_BIT_CONVERSION = YES;
				GCC_WARN_ABOUT_RETURN_TYPE = YES_ERROR;
				GCC_WARN_UNDECLARED_SELECTOR = YES;
				GCC_WARN_UNINITIALIZED_AUTOS = YES_AGGRESSIVE;
				GCC_WARN_UNUSED_FUNCTION = YES;
				GCC_WARN_UNUSED_VARIABLE = YES;
				IPHONEOS_DEPLOYMENT_TARGET = 7.1;
				ONLY_ACTIVE_ARCH = YES;
				SDKROOT = iphoneos;
			};
			name = Debug;
		};
		BD148CCC193AE00F00BEADD2 /* Release */ = {
			isa = XCBuildConfiguration;
			buildSettings = {
				ALWAYS_SEARCH_USER_PATHS = NO;
				CLANG_CXX_LANGUAGE_STANDARD = "gnu++0x";
				CLANG_CXX_LIBRARY = "libc++";
				CLANG_ENABLE_MODULES = YES;
				CLANG_ENABLE_OBJC_ARC = YES;
				CLANG_WARN_BOOL_CONVERSION = YES;
				CLANG_WARN_CONSTANT_CONVERSION = YES;
				CLANG_WARN_DIRECT_OBJC_ISA_USAGE = YES_ERROR;
				CLANG_WARN_EMPTY_BODY = YES;
				CLANG_WARN_ENUM_CONVERSION = YES;
				CLANG_WARN_INT_CONVERSION = YES;
				CLANG_WARN_OBJC_ROOT_CLASS = YES_ERROR;
				CLANG_WARN__DUPLICATE_METHOD_MATCH = YES;
				"CODE_SIGN_IDENTITY[sdk=iphoneos*]" = "iPhone Developer";
				COPY_PHASE_STRIP = YES;
				ENABLE_NS_ASSERTIONS = NO;
				GCC_C_LANGUAGE_STANDARD = gnu99;
				GCC_WARN_64_TO_32_BIT_CONVERSION = YES;
				GCC_WARN_ABOUT_RETURN_TYPE = YES_ERROR;
				GCC_WARN_UNDECLARED_SELECTOR = YES;
				GCC_WARN_UNINITIALIZED_AUTOS = YES_AGGRESSIVE;
				GCC_WARN_UNUSED_FUNCTION = YES;
				GCC_WARN_UNUSED_VARIABLE = YES;
				IPHONEOS_DEPLOYMENT_TARGET = 7.1;
				SDKROOT = iphoneos;
				VALIDATE_PRODUCT = YES;
			};
			name = Release;
		};
		BD148CCE193AE00F00BEADD2 /* Debug */ = {
			isa = XCBuildConfiguration;
			buildSettings = {
				ASSETCATALOG_COMPILER_APPICON_NAME = AppIcon;
				ASSETCATALOG_COMPILER_LAUNCHIMAGE_NAME = LaunchImage;
				GCC_PRECOMPILE_PREFIX_HEADER = YES;
				GCC_PREFIX_HEADER = "btSimpleRippleButton/btSimpleRippleButton-Prefix.pch";
				INFOPLIST_FILE = "btSimpleRippleButton/btSimpleRippleButton-Info.plist";
				PRODUCT_NAME = "$(TARGET_NAME)";
				WRAPPER_EXTENSION = app;
			};
			name = Debug;
		};
		BD148CCF193AE00F00BEADD2 /* Release */ = {
			isa = XCBuildConfiguration;
			buildSettings = {
				ASSETCATALOG_COMPILER_APPICON_NAME = AppIcon;
				ASSETCATALOG_COMPILER_LAUNCHIMAGE_NAME = LaunchImage;
				GCC_PRECOMPILE_PREFIX_HEADER = YES;
				GCC_PREFIX_HEADER = "btSimpleRippleButton/btSimpleRippleButton-Prefix.pch";
				INFOPLIST_FILE = "btSimpleRippleButton/btSimpleRippleButton-Info.plist";
				PRODUCT_NAME = "$(TARGET_NAME)";
				WRAPPER_EXTENSION = app;
			};
			name = Release;
		};
		BD148CD1193AE00F00BEADD2 /* Debug */ = {
			isa = XCBuildConfiguration;
			buildSettings = {
				BUNDLE_LOADER = "$(BUILT_PRODUCTS_DIR)/btSimpleRippleButton.app/btSimpleRippleButton";
				FRAMEWORK_SEARCH_PATHS = (
					"$(SDKROOT)/Developer/Library/Frameworks",
					"$(inherited)",
					"$(DEVELOPER_FRAMEWORKS_DIR)",
				);
				GCC_PRECOMPILE_PREFIX_HEADER = YES;
				GCC_PREFIX_HEADER = "btSimpleRippleButton/btSimpleRippleButton-Prefix.pch";
				GCC_PREPROCESSOR_DEFINITIONS = (
					"DEBUG=1",
					"$(inherited)",
				);
				INFOPLIST_FILE = "btSimpleRippleButtonTests/btSimpleRippleButtonTests-Info.plist";
				PRODUCT_NAME = "$(TARGET_NAME)";
				TEST_HOST = "$(BUNDLE_LOADER)";
				WRAPPER_EXTENSION = xctest;
			};
			name = Debug;
		};
		BD148CD2193AE00F00BEADD2 /* Release */ = {
			isa = XCBuildConfiguration;
			buildSettings = {
				BUNDLE_LOADER = "$(BUILT_PRODUCTS_DIR)/btSimpleRippleButton.app/btSimpleRippleButton";
				FRAMEWORK_SEARCH_PATHS = (
					"$(SDKROOT)/Developer/Library/Frameworks",
					"$(inherited)",
					"$(DEVELOPER_FRAMEWORKS_DIR)",
				);
				GCC_PRECOMPILE_PREFIX_HEADER = YES;
				GCC_PREFIX_HEADER = "btSimpleRippleButton/btSimpleRippleButton-Prefix.pch";
				INFOPLIST_FILE = "btSimpleRippleButtonTests/btSimpleRippleButtonTests-Info.plist";
				PRODUCT_NAME = "$(TARGET_NAME)";
				TEST_HOST = "$(BUNDLE_LOADER)";
				WRAPPER_EXTENSION = xctest;
			};
			name = Release;
		};
/* End XCBuildConfiguration section */

/* Begin XCConfigurationList section */
		BD148C9C193AE00F00BEADD2 /* Build configuration list for PBXProject "btSimpleRippleButton" */ = {
			isa = XCConfigurationList;
			buildConfigurations = (
				BD148CCB193AE00F00BEADD2 /* Debug */,
				BD148CCC193AE00F00BEADD2 /* Release */,
			);
			defaultConfigurationIsVisible = 0;
			defaultConfigurationName = Release;
		};
		BD148CCD193AE00F00BEADD2 /* Build configuration list for PBXNativeTarget "btSimpleRippleButton" */ = {
			isa = XCConfigurationList;
			buildConfigurations = (
				BD148CCE193AE00F00BEADD2 /* Debug */,
				BD148CCF193AE00F00BEADD2 /* Release */,
			);
			defaultConfigurationIsVisible = 0;
		};
		BD148CD0193AE00F00BEADD2 /* Build configuration list for PBXNativeTarget "btSimpleRippleButtonTests" */ = {
			isa = XCConfigurationList;
			buildConfigurations = (
				BD148CD1193AE00F00BEADD2 /* Debug */,
				BD148CD2193AE00F00BEADD2 /* Release */,
			);
			defaultConfigurationIsVisible = 0;
		};
/* End XCConfigurationList section */
	};
	rootObject = BD148C99193AE00F00BEADD2 /* Project object */;
}
